// !$*UTF8*$!
{
	archiveVersion = 1;
	classes = {
	};
	objectVersion = 56;
	objects = {

/* Begin PBXBuildFile section */
		61B2DAB32CA8AA8A0003D46D /* AppDelegate.swift in Sources */ = {isa = PBXBuildFile; fileRef = 61B2DAB22CA8AA8A0003D46D /* AppDelegate.swift */; };
		61B2DAB52CA8AA8A0003D46D /* SceneDelegate.swift in Sources */ = {isa = PBXBuildFile; fileRef = 61B2DAB42CA8AA8A0003D46D /* SceneDelegate.swift */; };
		61B2DAB72CA8AA8A0003D46D /* ViewController.swift in Sources */ = {isa = PBXBuildFile; fileRef = 61B2DAB62CA8AA8A0003D46D /* ViewController.swift */; };
		61B2DABC2CA8AA8D0003D46D /* Assets.xcassets in Resources */ = {isa = PBXBuildFile; fileRef = 61B2DABB2CA8AA8D0003D46D /* Assets.xcassets */; };
		61B2DABF2CA8AA8D0003D46D /* Base in Resources */ = {isa = PBXBuildFile; fileRef = 61B2DABE2CA8AA8D0003D46D /* Base */; };
		61B2DACA2CA8AA8D0003D46D /* KCDragonballTests.swift in Sources */ = {isa = PBXBuildFile; fileRef = 61B2DAC92CA8AA8D0003D46D /* KCDragonballTests.swift */; };
		61B2DAD42CA8AA8D0003D46D /* KCDragonballUITests.swift in Sources */ = {isa = PBXBuildFile; fileRef = 61B2DAD32CA8AA8D0003D46D /* KCDragonballUITests.swift */; };
		61B2DAD62CA8AA8D0003D46D /* KCDragonballUITestsLaunchTests.swift in Sources */ = {isa = PBXBuildFile; fileRef = 61B2DAD52CA8AA8D0003D46D /* KCDragonballUITestsLaunchTests.swift */; };
		61B2DAE42CA8B19A0003D46D /* APIClient.swift in Sources */ = {isa = PBXBuildFile; fileRef = 61B2DAE32CA8B19A0003D46D /* APIClient.swift */; };
		61B2DAE92CA8CC3D0003D46D /* NetworkModel.swift in Sources */ = {isa = PBXBuildFile; fileRef = 61B2DAE82CA8CC3D0003D46D /* NetworkModel.swift */; };
		61B2DAEB2CA8D0A60003D46D /* Hero.swift in Sources */ = {isa = PBXBuildFile; fileRef = 61B2DAEA2CA8D0A60003D46D /* Hero.swift */; };
		61B2DAED2CA8DB590003D46D /* Transformation.swift in Sources */ = {isa = PBXBuildFile; fileRef = 61B2DAEC2CA8DB590003D46D /* Transformation.swift */; };
		61B2DAF12CA8ECFB0003D46D /* UIImageView+Remote.swift in Sources */ = {isa = PBXBuildFile; fileRef = 61B2DAF02CA8ECFB0003D46D /* UIImageView+Remote.swift */; };
		61B2DAF92CA8F4040003D46D /* HeroTableViewCell.xib in Resources */ = {isa = PBXBuildFile; fileRef = 61B2DAF82CA8F4040003D46D /* HeroTableViewCell.xib */; };
		61B2DAFA2CA8F4040003D46D /* HeroTableViewCell.swift in Sources */ = {isa = PBXBuildFile; fileRef = 61B2DAF72CA8F4040003D46D /* HeroTableViewCell.swift */; };
		61B2DAFD2CA900BC0003D46D /* HeroesListViewController.xib in Resources */ = {isa = PBXBuildFile; fileRef = 61B2DAFC2CA900BC0003D46D /* HeroesListViewController.xib */; };
		61B2DAFE2CA900BC0003D46D /* HeroesListViewController.swift in Sources */ = {isa = PBXBuildFile; fileRef = 61B2DAFB2CA900BC0003D46D /* HeroesListViewController.swift */; };
		61B2DB012CA9014C0003D46D /* LoginViewController.xib in Resources */ = {isa = PBXBuildFile; fileRef = 61B2DB002CA9014C0003D46D /* LoginViewController.xib */; };
		61B2DB022CA9014C0003D46D /* LoginViewController.swift in Sources */ = {isa = PBXBuildFile; fileRef = 61B2DAFF2CA9014C0003D46D /* LoginViewController.swift */; };
		61B2DB052CA911EC0003D46D /* HeroDetailViewController.xib in Resources */ = {isa = PBXBuildFile; fileRef = 61B2DB042CA911EC0003D46D /* HeroDetailViewController.xib */; };
		61B2DB062CA911EC0003D46D /* HeroDetailViewController.swift in Sources */ = {isa = PBXBuildFile; fileRef = 61B2DB032CA911EC0003D46D /* HeroDetailViewController.swift */; };
/* End PBXBuildFile section */

/* Begin PBXContainerItemProxy section */
		61B2DAC62CA8AA8D0003D46D /* PBXContainerItemProxy */ = {
			isa = PBXContainerItemProxy;
			containerPortal = 61B2DAA72CA8AA8A0003D46D /* Project object */;
			proxyType = 1;
			remoteGlobalIDString = 61B2DAAE2CA8AA8A0003D46D;
			remoteInfo = KCDragonball;
		};
		61B2DAD02CA8AA8D0003D46D /* PBXContainerItemProxy */ = {
			isa = PBXContainerItemProxy;
			containerPortal = 61B2DAA72CA8AA8A0003D46D /* Project object */;
			proxyType = 1;
			remoteGlobalIDString = 61B2DAAE2CA8AA8A0003D46D;
			remoteInfo = KCDragonball;
		};
/* End PBXContainerItemProxy section */

/* Begin PBXFileReference section */
		61B2DAAF2CA8AA8A0003D46D /* KCDragonball.app */ = {isa = PBXFileReference; explicitFileType = wrapper.application; includeInIndex = 0; path = KCDragonball.app; sourceTree = BUILT_PRODUCTS_DIR; };
		61B2DAB22CA8AA8A0003D46D /* AppDelegate.swift */ = {isa = PBXFileReference; lastKnownFileType = sourcecode.swift; path = AppDelegate.swift; sourceTree = "<group>"; };
		61B2DAB42CA8AA8A0003D46D /* SceneDelegate.swift */ = {isa = PBXFileReference; lastKnownFileType = sourcecode.swift; path = SceneDelegate.swift; sourceTree = "<group>"; };
		61B2DAB62CA8AA8A0003D46D /* ViewController.swift */ = {isa = PBXFileReference; lastKnownFileType = sourcecode.swift; path = ViewController.swift; sourceTree = "<group>"; };
		61B2DABB2CA8AA8D0003D46D /* Assets.xcassets */ = {isa = PBXFileReference; lastKnownFileType = folder.assetcatalog; path = Assets.xcassets; sourceTree = "<group>"; };
		61B2DABE2CA8AA8D0003D46D /* Base */ = {isa = PBXFileReference; lastKnownFileType = file.storyboard; name = Base; path = Base.lproj/LaunchScreen.storyboard; sourceTree = "<group>"; };
		61B2DAC02CA8AA8D0003D46D /* Info.plist */ = {isa = PBXFileReference; lastKnownFileType = text.plist.xml; path = Info.plist; sourceTree = "<group>"; };
		61B2DAC52CA8AA8D0003D46D /* KCDragonballTests.xctest */ = {isa = PBXFileReference; explicitFileType = wrapper.cfbundle; includeInIndex = 0; path = KCDragonballTests.xctest; sourceTree = BUILT_PRODUCTS_DIR; };
		61B2DAC92CA8AA8D0003D46D /* KCDragonballTests.swift */ = {isa = PBXFileReference; lastKnownFileType = sourcecode.swift; path = KCDragonballTests.swift; sourceTree = "<group>"; };
		61B2DACF2CA8AA8D0003D46D /* KCDragonballUITests.xctest */ = {isa = PBXFileReference; explicitFileType = wrapper.cfbundle; includeInIndex = 0; path = KCDragonballUITests.xctest; sourceTree = BUILT_PRODUCTS_DIR; };
		61B2DAD32CA8AA8D0003D46D /* KCDragonballUITests.swift */ = {isa = PBXFileReference; lastKnownFileType = sourcecode.swift; path = KCDragonballUITests.swift; sourceTree = "<group>"; };
		61B2DAD52CA8AA8D0003D46D /* KCDragonballUITestsLaunchTests.swift */ = {isa = PBXFileReference; lastKnownFileType = sourcecode.swift; path = KCDragonballUITestsLaunchTests.swift; sourceTree = "<group>"; };
		61B2DAE32CA8B19A0003D46D /* APIClient.swift */ = {isa = PBXFileReference; lastKnownFileType = sourcecode.swift; path = APIClient.swift; sourceTree = "<group>"; };
		61B2DAE82CA8CC3D0003D46D /* NetworkModel.swift */ = {isa = PBXFileReference; lastKnownFileType = sourcecode.swift; path = NetworkModel.swift; sourceTree = "<group>"; };
		61B2DAEA2CA8D0A60003D46D /* Hero.swift */ = {isa = PBXFileReference; lastKnownFileType = sourcecode.swift; path = Hero.swift; sourceTree = "<group>"; };
		61B2DAEC2CA8DB590003D46D /* Transformation.swift */ = {isa = PBXFileReference; lastKnownFileType = sourcecode.swift; path = Transformation.swift; sourceTree = "<group>"; };
		61B2DAF02CA8ECFB0003D46D /* UIImageView+Remote.swift */ = {isa = PBXFileReference; lastKnownFileType = sourcecode.swift; name = "UIImageView+Remote.swift"; path = "KCDragonball/Models/UIImageView+Remote.swift"; sourceTree = SOURCE_ROOT; };
		61B2DAF72CA8F4040003D46D /* HeroTableViewCell.swift */ = {isa = PBXFileReference; lastKnownFileType = sourcecode.swift; path = HeroTableViewCell.swift; sourceTree = "<group>"; };
		61B2DAF82CA8F4040003D46D /* HeroTableViewCell.xib */ = {isa = PBXFileReference; lastKnownFileType = file.xib; path = HeroTableViewCell.xib; sourceTree = "<group>"; };
		61B2DAFB2CA900BC0003D46D /* HeroesListViewController.swift */ = {isa = PBXFileReference; lastKnownFileType = sourcecode.swift; path = HeroesListViewController.swift; sourceTree = "<group>"; };
		61B2DAFC2CA900BC0003D46D /* HeroesListViewController.xib */ = {isa = PBXFileReference; lastKnownFileType = file.xib; path = HeroesListViewController.xib; sourceTree = "<group>"; };
		61B2DAFF2CA9014C0003D46D /* LoginViewController.swift */ = {isa = PBXFileReference; lastKnownFileType = sourcecode.swift; path = LoginViewController.swift; sourceTree = "<group>"; };
		61B2DB002CA9014C0003D46D /* LoginViewController.xib */ = {isa = PBXFileReference; lastKnownFileType = file.xib; path = LoginViewController.xib; sourceTree = "<group>"; };
		61B2DB032CA911EC0003D46D /* HeroDetailViewController.swift */ = {isa = PBXFileReference; lastKnownFileType = sourcecode.swift; path = HeroDetailViewController.swift; sourceTree = "<group>"; };
		61B2DB042CA911EC0003D46D /* HeroDetailViewController.xib */ = {isa = PBXFileReference; lastKnownFileType = file.xib; path = HeroDetailViewController.xib; sourceTree = "<group>"; };
/* End PBXFileReference section */

/* Begin PBXFrameworksBuildPhase section */
		61B2DAAC2CA8AA8A0003D46D /* Frameworks */ = {
			isa = PBXFrameworksBuildPhase;
			buildActionMask = 2147483647;
			files = (
			);
			runOnlyForDeploymentPostprocessing = 0;
		};
		61B2DAC22CA8AA8D0003D46D /* Frameworks */ = {
			isa = PBXFrameworksBuildPhase;
			buildActionMask = 2147483647;
			files = (
			);
			runOnlyForDeploymentPostprocessing = 0;
		};
		61B2DACC2CA8AA8D0003D46D /* Frameworks */ = {
			isa = PBXFrameworksBuildPhase;
			buildActionMask = 2147483647;
			files = (
			);
			runOnlyForDeploymentPostprocessing = 0;
		};
/* End PBXFrameworksBuildPhase section */

/* Begin PBXGroup section */
		61B2DAA62CA8AA8A0003D46D = {
			isa = PBXGroup;
			children = (
				61B2DAB12CA8AA8A0003D46D /* KCDragonball */,
				61B2DAC82CA8AA8D0003D46D /* KCDragonballTests */,
				61B2DAD22CA8AA8D0003D46D /* KCDragonballUITests */,
				61B2DAB02CA8AA8A0003D46D /* Products */,
			);
			sourceTree = "<group>";
		};
		61B2DAB02CA8AA8A0003D46D /* Products */ = {
			isa = PBXGroup;
			children = (
				61B2DAAF2CA8AA8A0003D46D /* KCDragonball.app */,
				61B2DAC52CA8AA8D0003D46D /* KCDragonballTests.xctest */,
				61B2DACF2CA8AA8D0003D46D /* KCDragonballUITests.xctest */,
			);
			name = Products;
			sourceTree = "<group>";
		};
		61B2DAB12CA8AA8A0003D46D /* KCDragonball */ = {
			isa = PBXGroup;
			children = (
				61B2DAF22CA8F0100003D46D /* Presentation */,
				61B2DAEF2CA8ECC10003D46D /* Extensions */,
				61B2DAE22CA8B16A0003D46D /* Models */,
				61B2DAB22CA8AA8A0003D46D /* AppDelegate.swift */,
				61B2DAB42CA8AA8A0003D46D /* SceneDelegate.swift */,
				61B2DAB62CA8AA8A0003D46D /* ViewController.swift */,
				61B2DABB2CA8AA8D0003D46D /* Assets.xcassets */,
				61B2DABD2CA8AA8D0003D46D /* LaunchScreen.storyboard */,
				61B2DAC02CA8AA8D0003D46D /* Info.plist */,
			);
			path = KCDragonball;
			sourceTree = "<group>";
		};
		61B2DAC82CA8AA8D0003D46D /* KCDragonballTests */ = {
			isa = PBXGroup;
			children = (
				61B2DAC92CA8AA8D0003D46D /* KCDragonballTests.swift */,
			);
			path = KCDragonballTests;
			sourceTree = "<group>";
		};
		61B2DAD22CA8AA8D0003D46D /* KCDragonballUITests */ = {
			isa = PBXGroup;
			children = (
				61B2DAD32CA8AA8D0003D46D /* KCDragonballUITests.swift */,
				61B2DAD52CA8AA8D0003D46D /* KCDragonballUITestsLaunchTests.swift */,
			);
			path = KCDragonballUITests;
			sourceTree = "<group>";
		};
		61B2DAE22CA8B16A0003D46D /* Models */ = {
			isa = PBXGroup;
			children = (
				61B2DAE32CA8B19A0003D46D /* APIClient.swift */,
				61B2DAE82CA8CC3D0003D46D /* NetworkModel.swift */,
				61B2DAEA2CA8D0A60003D46D /* Hero.swift */,
				61B2DAEC2CA8DB590003D46D /* Transformation.swift */,
			);
			path = Models;
			sourceTree = "<group>";
		};
		61B2DAEF2CA8ECC10003D46D /* Extensions */ = {
			isa = PBXGroup;
			children = (
				61B2DAF02CA8ECFB0003D46D /* UIImageView+Remote.swift */,
			);
			path = Extensions;
			sourceTree = "<group>";
		};
		61B2DAF22CA8F0100003D46D /* Presentation */ = {
			isa = PBXGroup;
			children = (
				61B2DAF32CA8F0210003D46D /* View */,
				61B2DAF42CA8F0310003D46D /* Controller */,
			);
			path = Presentation;
			sourceTree = "<group>";
		};
		61B2DAF32CA8F0210003D46D /* View */ = {
			isa = PBXGroup;
			children = (
				61B2DAF72CA8F4040003D46D /* HeroTableViewCell.swift */,
				61B2DAF82CA8F4040003D46D /* HeroTableViewCell.xib */,
				61B2DAFC2CA900BC0003D46D /* HeroesListViewController.xib */,
				61B2DB002CA9014C0003D46D /* LoginViewController.xib */,
				61B2DB042CA911EC0003D46D /* HeroDetailViewController.xib */,
			);
			path = View;
			sourceTree = "<group>";
		};
		61B2DAF42CA8F0310003D46D /* Controller */ = {
			isa = PBXGroup;
			children = (
				61B2DAFB2CA900BC0003D46D /* HeroesListViewController.swift */,
				61B2DAFF2CA9014C0003D46D /* LoginViewController.swift */,
				61B2DB032CA911EC0003D46D /* HeroDetailViewController.swift */,
			);
			path = Controller;
			sourceTree = "<group>";
		};
/* End PBXGroup section */

/* Begin PBXNativeTarget section */
		61B2DAAE2CA8AA8A0003D46D /* KCDragonball */ = {
			isa = PBXNativeTarget;
			buildConfigurationList = 61B2DAD92CA8AA8D0003D46D /* Build configuration list for PBXNativeTarget "KCDragonball" */;
			buildPhases = (
				61B2DAAB2CA8AA8A0003D46D /* Sources */,
				61B2DAAC2CA8AA8A0003D46D /* Frameworks */,
				61B2DAAD2CA8AA8A0003D46D /* Resources */,
			);
			buildRules = (
			);
			dependencies = (
			);
			name = KCDragonball;
			productName = KCDragonball;
			productReference = 61B2DAAF2CA8AA8A0003D46D /* KCDragonball.app */;
			productType = "com.apple.product-type.application";
		};
		61B2DAC42CA8AA8D0003D46D /* KCDragonballTests */ = {
			isa = PBXNativeTarget;
			buildConfigurationList = 61B2DADC2CA8AA8D0003D46D /* Build configuration list for PBXNativeTarget "KCDragonballTests" */;
			buildPhases = (
				61B2DAC12CA8AA8D0003D46D /* Sources */,
				61B2DAC22CA8AA8D0003D46D /* Frameworks */,
				61B2DAC32CA8AA8D0003D46D /* Resources */,
			);
			buildRules = (
			);
			dependencies = (
				61B2DAC72CA8AA8D0003D46D /* PBXTargetDependency */,
			);
			name = KCDragonballTests;
			productName = KCDragonballTests;
			productReference = 61B2DAC52CA8AA8D0003D46D /* KCDragonballTests.xctest */;
			productType = "com.apple.product-type.bundle.unit-test";
		};
		61B2DACE2CA8AA8D0003D46D /* KCDragonballUITests */ = {
			isa = PBXNativeTarget;
			buildConfigurationList = 61B2DADF2CA8AA8D0003D46D /* Build configuration list for PBXNativeTarget "KCDragonballUITests" */;
			buildPhases = (
				61B2DACB2CA8AA8D0003D46D /* Sources */,
				61B2DACC2CA8AA8D0003D46D /* Frameworks */,
				61B2DACD2CA8AA8D0003D46D /* Resources */,
			);
			buildRules = (
			);
			dependencies = (
				61B2DAD12CA8AA8D0003D46D /* PBXTargetDependency */,
			);
			name = KCDragonballUITests;
			productName = KCDragonballUITests;
			productReference = 61B2DACF2CA8AA8D0003D46D /* KCDragonballUITests.xctest */;
			productType = "com.apple.product-type.bundle.ui-testing";
		};
/* End PBXNativeTarget section */

/* Begin PBXProject section */
		61B2DAA72CA8AA8A0003D46D /* Project object */ = {
			isa = PBXProject;
			attributes = {
				BuildIndependentTargetsInParallel = 1;
				LastSwiftUpdateCheck = 1540;
				LastUpgradeCheck = 1540;
				TargetAttributes = {
					61B2DAAE2CA8AA8A0003D46D = {
						CreatedOnToolsVersion = 15.4;
					};
					61B2DAC42CA8AA8D0003D46D = {
						CreatedOnToolsVersion = 15.4;
						TestTargetID = 61B2DAAE2CA8AA8A0003D46D;
					};
					61B2DACE2CA8AA8D0003D46D = {
						CreatedOnToolsVersion = 15.4;
						TestTargetID = 61B2DAAE2CA8AA8A0003D46D;
					};
				};
			};
			buildConfigurationList = 61B2DAAA2CA8AA8A0003D46D /* Build configuration list for PBXProject "KCDragonball" */;
			compatibilityVersion = "Xcode 14.0";
			developmentRegion = en;
			hasScannedForEncodings = 0;
			knownRegions = (
				en,
				Base,
			);
			mainGroup = 61B2DAA62CA8AA8A0003D46D;
			productRefGroup = 61B2DAB02CA8AA8A0003D46D /* Products */;
			projectDirPath = "";
			projectRoot = "";
			targets = (
				61B2DAAE2CA8AA8A0003D46D /* KCDragonball */,
				61B2DAC42CA8AA8D0003D46D /* KCDragonballTests */,
				61B2DACE2CA8AA8D0003D46D /* KCDragonballUITests */,
			);
		};
/* End PBXProject section */

/* Begin PBXResourcesBuildPhase section */
		61B2DAAD2CA8AA8A0003D46D /* Resources */ = {
			isa = PBXResourcesBuildPhase;
			buildActionMask = 2147483647;
			files = (
				61B2DB012CA9014C0003D46D /* LoginViewController.xib in Resources */,
				61B2DABC2CA8AA8D0003D46D /* Assets.xcassets in Resources */,
				61B2DABF2CA8AA8D0003D46D /* Base in Resources */,
				61B2DB052CA911EC0003D46D /* HeroDetailViewController.xib in Resources */,
				61B2DAFD2CA900BC0003D46D /* HeroesListViewController.xib in Resources */,
				61B2DAF92CA8F4040003D46D /* HeroTableViewCell.xib in Resources */,
			);
			runOnlyForDeploymentPostprocessing = 0;
		};
		61B2DAC32CA8AA8D0003D46D /* Resources */ = {
			isa = PBXResourcesBuildPhase;
			buildActionMask = 2147483647;
			files = (
			);
			runOnlyForDeploymentPostprocessing = 0;
		};
		61B2DACD2CA8AA8D0003D46D /* Resources */ = {
			isa = PBXResourcesBuildPhase;
			buildActionMask = 2147483647;
			files = (
			);
			runOnlyForDeploymentPostprocessing = 0;
		};
/* End PBXResourcesBuildPhase section */

/* Begin PBXSourcesBuildPhase section */
		61B2DAAB2CA8AA8A0003D46D /* Sources */ = {
			isa = PBXSourcesBuildPhase;
			buildActionMask = 2147483647;
			files = (
				61B2DAFE2CA900BC0003D46D /* HeroesListViewController.swift in Sources */,
				61B2DAB72CA8AA8A0003D46D /* ViewController.swift in Sources */,
				61B2DAB32CA8AA8A0003D46D /* AppDelegate.swift in Sources */,
				61B2DAB52CA8AA8A0003D46D /* SceneDelegate.swift in Sources */,
				61B2DAE92CA8CC3D0003D46D /* NetworkModel.swift in Sources */,
				61B2DAE42CA8B19A0003D46D /* APIClient.swift in Sources */,
				61B2DAED2CA8DB590003D46D /* Transformation.swift in Sources */,
				61B2DAF12CA8ECFB0003D46D /* UIImageView+Remote.swift in Sources */,
				61B2DAEB2CA8D0A60003D46D /* Hero.swift in Sources */,
				61B2DB062CA911EC0003D46D /* HeroDetailViewController.swift in Sources */,
				61B2DAFA2CA8F4040003D46D /* HeroTableViewCell.swift in Sources */,
				61B2DB022CA9014C0003D46D /* LoginViewController.swift in Sources */,
			);
			runOnlyForDeploymentPostprocessing = 0;
		};
		61B2DAC12CA8AA8D0003D46D /* Sources */ = {
			isa = PBXSourcesBuildPhase;
			buildActionMask = 2147483647;
			files = (
				61B2DACA2CA8AA8D0003D46D /* KCDragonballTests.swift in Sources */,
			);
			runOnlyForDeploymentPostprocessing = 0;
		};
		61B2DACB2CA8AA8D0003D46D /* Sources */ = {
			isa = PBXSourcesBuildPhase;
			buildActionMask = 2147483647;
			files = (
				61B2DAD62CA8AA8D0003D46D /* KCDragonballUITestsLaunchTests.swift in Sources */,
				61B2DAD42CA8AA8D0003D46D /* KCDragonballUITests.swift in Sources */,
			);
			runOnlyForDeploymentPostprocessing = 0;
		};
/* End PBXSourcesBuildPhase section */

/* Begin PBXTargetDependency section */
		61B2DAC72CA8AA8D0003D46D /* PBXTargetDependency */ = {
			isa = PBXTargetDependency;
			target = 61B2DAAE2CA8AA8A0003D46D /* KCDragonball */;
			targetProxy = 61B2DAC62CA8AA8D0003D46D /* PBXContainerItemProxy */;
		};
		61B2DAD12CA8AA8D0003D46D /* PBXTargetDependency */ = {
			isa = PBXTargetDependency;
			target = 61B2DAAE2CA8AA8A0003D46D /* KCDragonball */;
			targetProxy = 61B2DAD02CA8AA8D0003D46D /* PBXContainerItemProxy */;
		};
/* End PBXTargetDependency section */

/* Begin PBXVariantGroup section */
		61B2DABD2CA8AA8D0003D46D /* LaunchScreen.storyboard */ = {
			isa = PBXVariantGroup;
			children = (
				61B2DABE2CA8AA8D0003D46D /* Base */,
			);
			name = LaunchScreen.storyboard;
			sourceTree = "<group>";
		};
/* End PBXVariantGroup section */

/* Begin XCBuildConfiguration section */
		61B2DAD72CA8AA8D0003D46D /* Debug */ = {
			isa = XCBuildConfiguration;
			buildSettings = {
				ALWAYS_SEARCH_USER_PATHS = NO;
				ASSETCATALOG_COMPILER_GENERATE_SWIFT_ASSET_SYMBOL_EXTENSIONS = YES;
				CLANG_ANALYZER_NONNULL = YES;
				CLANG_ANALYZER_NUMBER_OBJECT_CONVERSION = YES_AGGRESSIVE;
				CLANG_CXX_LANGUAGE_STANDARD = "gnu++20";
				CLANG_ENABLE_MODULES = YES;
				CLANG_ENABLE_OBJC_ARC = YES;
				CLANG_ENABLE_OBJC_WEAK = YES;
				CLANG_WARN_BLOCK_CAPTURE_AUTORELEASING = YES;
				CLANG_WARN_BOOL_CONVERSION = YES;
				CLANG_WARN_COMMA = YES;
				CLANG_WARN_CONSTANT_CONVERSION = YES;
				CLANG_WARN_DEPRECATED_OBJC_IMPLEMENTATIONS = YES;
				CLANG_WARN_DIRECT_OBJC_ISA_USAGE = YES_ERROR;
				CLANG_WARN_DOCUMENTATION_COMMENTS = YES;
				CLANG_WARN_EMPTY_BODY = YES;
				CLANG_WARN_ENUM_CONVERSION = YES;
				CLANG_WARN_INFINITE_RECURSION = YES;
				CLANG_WARN_INT_CONVERSION = YES;
				CLANG_WARN_NON_LITERAL_NULL_CONVERSION = YES;
				CLANG_WARN_OBJC_IMPLICIT_RETAIN_SELF = YES;
				CLANG_WARN_OBJC_LITERAL_CONVERSION = YES;
				CLANG_WARN_OBJC_ROOT_CLASS = YES_ERROR;
				CLANG_WARN_QUOTED_INCLUDE_IN_FRAMEWORK_HEADER = YES;
				CLANG_WARN_RANGE_LOOP_ANALYSIS = YES;
				CLANG_WARN_STRICT_PROTOTYPES = YES;
				CLANG_WARN_SUSPICIOUS_MOVE = YES;
				CLANG_WARN_UNGUARDED_AVAILABILITY = YES_AGGRESSIVE;
				CLANG_WARN_UNREACHABLE_CODE = YES;
				CLANG_WARN__DUPLICATE_METHOD_MATCH = YES;
				COPY_PHASE_STRIP = NO;
				DEBUG_INFORMATION_FORMAT = dwarf;
				ENABLE_STRICT_OBJC_MSGSEND = YES;
				ENABLE_TESTABILITY = YES;
				ENABLE_USER_SCRIPT_SANDBOXING = YES;
				GCC_C_LANGUAGE_STANDARD = gnu17;
				GCC_DYNAMIC_NO_PIC = NO;
				GCC_NO_COMMON_BLOCKS = YES;
				GCC_OPTIMIZATION_LEVEL = 0;
				GCC_PREPROCESSOR_DEFINITIONS = (
					"DEBUG=1",
					"$(inherited)",
				);
				GCC_WARN_64_TO_32_BIT_CONVERSION = YES;
				GCC_WARN_ABOUT_RETURN_TYPE = YES_ERROR;
				GCC_WARN_UNDECLARED_SELECTOR = YES;
				GCC_WARN_UNINITIALIZED_AUTOS = YES_AGGRESSIVE;
				GCC_WARN_UNUSED_FUNCTION = YES;
				GCC_WARN_UNUSED_VARIABLE = YES;
				IPHONEOS_DEPLOYMENT_TARGET = 17.5;
				LOCALIZATION_PREFERS_STRING_CATALOGS = YES;
				MTL_ENABLE_DEBUG_INFO = INCLUDE_SOURCE;
				MTL_FAST_MATH = YES;
				ONLY_ACTIVE_ARCH = YES;
				SDKROOT = iphoneos;
				SWIFT_ACTIVE_COMPILATION_CONDITIONS = "DEBUG $(inherited)";
				SWIFT_OPTIMIZATION_LEVEL = "-Onone";
			};
			name = Debug;
		};
		61B2DAD82CA8AA8D0003D46D /* Release */ = {
			isa = XCBuildConfiguration;
			buildSettings = {
				ALWAYS_SEARCH_USER_PATHS = NO;
				ASSETCATALOG_COMPILER_GENERATE_SWIFT_ASSET_SYMBOL_EXTENSIONS = YES;
				CLANG_ANALYZER_NONNULL = YES;
				CLANG_ANALYZER_NUMBER_OBJECT_CONVERSION = YES_AGGRESSIVE;
				CLANG_CXX_LANGUAGE_STANDARD = "gnu++20";
				CLANG_ENABLE_MODULES = YES;
				CLANG_ENABLE_OBJC_ARC = YES;
				CLANG_ENABLE_OBJC_WEAK = YES;
				CLANG_WARN_BLOCK_CAPTURE_AUTORELEASING = YES;
				CLANG_WARN_BOOL_CONVERSION = YES;
				CLANG_WARN_COMMA = YES;
				CLANG_WARN_CONSTANT_CONVERSION = YES;
				CLANG_WARN_DEPRECATED_OBJC_IMPLEMENTATIONS = YES;
				CLANG_WARN_DIRECT_OBJC_ISA_USAGE = YES_ERROR;
				CLANG_WARN_DOCUMENTATION_COMMENTS = YES;
				CLANG_WARN_EMPTY_BODY = YES;
				CLANG_WARN_ENUM_CONVERSION = YES;
				CLANG_WARN_INFINITE_RECURSION = YES;
				CLANG_WARN_INT_CONVERSION = YES;
				CLANG_WARN_NON_LITERAL_NULL_CONVERSION = YES;
				CLANG_WARN_OBJC_IMPLICIT_RETAIN_SELF = YES;
				CLANG_WARN_OBJC_LITERAL_CONVERSION = YES;
				CLANG_WARN_OBJC_ROOT_CLASS = YES_ERROR;
				CLANG_WARN_QUOTED_INCLUDE_IN_FRAMEWORK_HEADER = YES;
				CLANG_WARN_RANGE_LOOP_ANALYSIS = YES;
				CLANG_WARN_STRICT_PROTOTYPES = YES;
				CLANG_WARN_SUSPICIOUS_MOVE = YES;
				CLANG_WARN_UNGUARDED_AVAILABILITY = YES_AGGRESSIVE;
				CLANG_WARN_UNREACHABLE_CODE = YES;
				CLANG_WARN__DUPLICATE_METHOD_MATCH = YES;
				COPY_PHASE_STRIP = NO;
				DEBUG_INFORMATION_FORMAT = "dwarf-with-dsym";
				ENABLE_NS_ASSERTIONS = NO;
				ENABLE_STRICT_OBJC_MSGSEND = YES;
				ENABLE_USER_SCRIPT_SANDBOXING = YES;
				GCC_C_LANGUAGE_STANDARD = gnu17;
				GCC_NO_COMMON_BLOCKS = YES;
				GCC_WARN_64_TO_32_BIT_CONVERSION = YES;
				GCC_WARN_ABOUT_RETURN_TYPE = YES_ERROR;
				GCC_WARN_UNDECLARED_SELECTOR = YES;
				GCC_WARN_UNINITIALIZED_AUTOS = YES_AGGRESSIVE;
				GCC_WARN_UNUSED_FUNCTION = YES;
				GCC_WARN_UNUSED_VARIABLE = YES;
				IPHONEOS_DEPLOYMENT_TARGET = 17.5;
				LOCALIZATION_PREFERS_STRING_CATALOGS = YES;
				MTL_ENABLE_DEBUG_INFO = NO;
				MTL_FAST_MATH = YES;
				SDKROOT = iphoneos;
				SWIFT_COMPILATION_MODE = wholemodule;
				VALIDATE_PRODUCT = YES;
			};
			name = Release;
		};
		61B2DADA2CA8AA8D0003D46D /* Debug */ = {
			isa = XCBuildConfiguration;
			buildSettings = {
				ASSETCATALOG_COMPILER_APPICON_NAME = AppIcon;
				ASSETCATALOG_COMPILER_GLOBAL_ACCENT_COLOR_NAME = AccentColor;
				CODE_SIGN_STYLE = Automatic;
				CURRENT_PROJECT_VERSION = 1;
				GENERATE_INFOPLIST_FILE = YES;
				INFOPLIST_FILE = KCDragonball/Info.plist;
				INFOPLIST_KEY_UIApplicationSupportsIndirectInputEvents = YES;
				INFOPLIST_KEY_UILaunchStoryboardName = LaunchScreen;
				INFOPLIST_KEY_UISupportedInterfaceOrientations_iPad = "UIInterfaceOrientationPortrait UIInterfaceOrientationPortraitUpsideDown UIInterfaceOrientationLandscapeLeft UIInterfaceOrientationLandscapeRight";
				INFOPLIST_KEY_UISupportedInterfaceOrientations_iPhone = "UIInterfaceOrientationPortrait UIInterfaceOrientationLandscapeLeft UIInterfaceOrientationLandscapeRight";
				LD_RUNPATH_SEARCH_PATHS = (
					"$(inherited)",
					"@executable_path/Frameworks",
				);
				MARKETING_VERSION = 1.0;
				PRODUCT_BUNDLE_IDENTIFIER = com.jose.aravena.keepcodingXVIII.KCDragonball;
				PRODUCT_NAME = "$(TARGET_NAME)";
				SWIFT_EMIT_LOC_STRINGS = YES;
				SWIFT_VERSION = 5.0;
				TARGETED_DEVICE_FAMILY = "1,2";
			};
			name = Debug;
		};
		61B2DADB2CA8AA8D0003D46D /* Release */ = {
			isa = XCBuildConfiguration;
			buildSettings = {
				ASSETCATALOG_COMPILER_APPICON_NAME = AppIcon;
				ASSETCATALOG_COMPILER_GLOBAL_ACCENT_COLOR_NAME = AccentColor;
				CODE_SIGN_STYLE = Automatic;
				CURRENT_PROJECT_VERSION = 1;
				GENERATE_INFOPLIST_FILE = YES;
				INFOPLIST_FILE = KCDragonball/Info.plist;
				INFOPLIST_KEY_UIApplicationSupportsIndirectInputEvents = YES;
				INFOPLIST_KEY_UILaunchStoryboardName = LaunchScreen;
				INFOPLIST_KEY_UISupportedInterfaceOrientations_iPad = "UIInterfaceOrientationPortrait UIInterfaceOrientationPortraitUpsideDown UIInterfaceOrientationLandscapeLeft UIInterfaceOrientationLandscapeRight";
				INFOPLIST_KEY_UISupportedInterfaceOrientations_iPhone = "UIInterfaceOrientationPortrait UIInterfaceOrientationLandscapeLeft UIInterfaceOrientationLandscapeRight";
				LD_RUNPATH_SEARCH_PATHS = (
					"$(inherited)",
					"@executable_path/Frameworks",
				);
				MARKETING_VERSION = 1.0;
				PRODUCT_BUNDLE_IDENTIFIER = com.jose.aravena.keepcodingXVIII.KCDragonball;
				PRODUCT_NAME = "$(TARGET_NAME)";
				SWIFT_EMIT_LOC_STRINGS = YES;
				SWIFT_VERSION = 5.0;
				TARGETED_DEVICE_FAMILY = "1,2";
			};
			name = Release;
		};
		61B2DADD2CA8AA8D0003D46D /* Debug */ = {
			isa = XCBuildConfiguration;
			buildSettings = {
				ALWAYS_EMBED_SWIFT_STANDARD_LIBRARIES = YES;
				BUNDLE_LOADER = "$(TEST_HOST)";
				CODE_SIGN_STYLE = Automatic;
				CURRENT_PROJECT_VERSION = 1;
				GENERATE_INFOPLIST_FILE = YES;
				IPHONEOS_DEPLOYMENT_TARGET = 17.5;
				MARKETING_VERSION = 1.0;
				PRODUCT_BUNDLE_IDENTIFIER = com.jose.aravena.keepcodingXVIII.KCDragonballTests;
				PRODUCT_NAME = "$(TARGET_NAME)";
				SWIFT_EMIT_LOC_STRINGS = NO;
				SWIFT_VERSION = 5.0;
				TARGETED_DEVICE_FAMILY = "1,2";
				TEST_HOST = "$(BUILT_PRODUCTS_DIR)/KCDragonball.app/$(BUNDLE_EXECUTABLE_FOLDER_PATH)/KCDragonball";
			};
			name = Debug;
		};
		61B2DADE2CA8AA8D0003D46D /* Release */ = {
			isa = XCBuildConfiguration;
			buildSettings = {
				ALWAYS_EMBED_SWIFT_STANDARD_LIBRARIES = YES;
				BUNDLE_LOADER = "$(TEST_HOST)";
				CODE_SIGN_STYLE = Automatic;
				CURRENT_PROJECT_VERSION = 1;
				GENERATE_INFOPLIST_FILE = YES;
				IPHONEOS_DEPLOYMENT_TARGET = 17.5;
				MARKETING_VERSION = 1.0;
				PRODUCT_BUNDLE_IDENTIFIER = com.jose.aravena.keepcodingXVIII.KCDragonballTests;
				PRODUCT_NAME = "$(TARGET_NAME)";
				SWIFT_EMIT_LOC_STRINGS = NO;
				SWIFT_VERSION = 5.0;
				TARGETED_DEVICE_FAMILY = "1,2";
				TEST_HOST = "$(BUILT_PRODUCTS_DIR)/KCDragonball.app/$(BUNDLE_EXECUTABLE_FOLDER_PATH)/KCDragonball";
			};
			name = Release;
		};
		61B2DAE02CA8AA8D0003D46D /* Debug */ = {
			isa = XCBuildConfiguration;
			buildSettings = {
				ALWAYS_EMBED_SWIFT_STANDARD_LIBRARIES = YES;
				CODE_SIGN_STYLE = Automatic;
				CURRENT_PROJECT_VERSION = 1;
				GENERATE_INFOPLIST_FILE = YES;
				MARKETING_VERSION = 1.0;
				PRODUCT_BUNDLE_IDENTIFIER = com.jose.aravena.keepcodingXVIII.KCDragonballUITests;
				PRODUCT_NAME = "$(TARGET_NAME)";
				SWIFT_EMIT_LOC_STRINGS = NO;
				SWIFT_VERSION = 5.0;
				TARGETED_DEVICE_FAMILY = "1,2";
				TEST_TARGET_NAME = KCDragonball;
			};
			name = Debug;
		};
		61B2DAE12CA8AA8D0003D46D /* Release */ = {
			isa = XCBuildConfiguration;
			buildSettings = {
				ALWAYS_EMBED_SWIFT_STANDARD_LIBRARIES = YES;
				CODE_SIGN_STYLE = Automatic;
				CURRENT_PROJECT_VERSION = 1;
				GENERATE_INFOPLIST_FILE = YES;
				MARKETING_VERSION = 1.0;
				PRODUCT_BUNDLE_IDENTIFIER = com.jose.aravena.keepcodingXVIII.KCDragonballUITests;
				PRODUCT_NAME = "$(TARGET_NAME)";
				SWIFT_EMIT_LOC_STRINGS = NO;
				SWIFT_VERSION = 5.0;
				TARGETED_DEVICE_FAMILY = "1,2";
				TEST_TARGET_NAME = KCDragonball;
			};
			name = Release;
		};
/* End XCBuildConfiguration section */

/* Begin XCConfigurationList section */
		61B2DAAA2CA8AA8A0003D46D /* Build configuration list for PBXProject "KCDragonball" */ = {
			isa = XCConfigurationList;
			buildConfigurations = (
				61B2DAD72CA8AA8D0003D46D /* Debug */,
				61B2DAD82CA8AA8D0003D46D /* Release */,
			);
			defaultConfigurationIsVisible = 0;
			defaultConfigurationName = Release;
		};
		61B2DAD92CA8AA8D0003D46D /* Build configuration list for PBXNativeTarget "KCDragonball" */ = {
			isa = XCConfigurationList;
			buildConfigurations = (
				61B2DADA2CA8AA8D0003D46D /* Debug */,
				61B2DADB2CA8AA8D0003D46D /* Release */,
			);
			defaultConfigurationIsVisible = 0;
			defaultConfigurationName = Release;
		};
		61B2DADC2CA8AA8D0003D46D /* Build configuration list for PBXNativeTarget "KCDragonballTests" */ = {
			isa = XCConfigurationList;
			buildConfigurations = (
				61B2DADD2CA8AA8D0003D46D /* Debug */,
				61B2DADE2CA8AA8D0003D46D /* Release */,
			);
			defaultConfigurationIsVisible = 0;
			defaultConfigurationName = Release;
		};
		61B2DADF2CA8AA8D0003D46D /* Build configuration list for PBXNativeTarget "KCDragonballUITests" */ = {
			isa = XCConfigurationList;
			buildConfigurations = (
				61B2DAE02CA8AA8D0003D46D /* Debug */,
				61B2DAE12CA8AA8D0003D46D /* Release */,
			);
			defaultConfigurationIsVisible = 0;
			defaultConfigurationName = Release;
		};
/* End XCConfigurationList section */
	};
	rootObject = 61B2DAA72CA8AA8A0003D46D /* Project object */;
}
